{
  "nodes": {
    "nixpkgs": {
      "locked": {
        "lastModified": 1787874478,
        "narHash": "sha256-mm3axqWht8JL0/6rpAzQBxcJgOrbN4rgkN6s4AjZBOk=",
        "rev": "7d1a7c21a4c00ea653fc7ed5c083d261340f185f",
        "type": "tarball",
        "url": "https://releases.nixos.org/nixpkgs/nixpkgs-26.11pre1063175.7d1a7c21a4c0/nixexprs.tar.xz"
      },
      "original": {
        "id": "nixpkgs",
        "type": "indirect"
      }
    },
    "root": {
      "inputs": {
        "nixpkgs": "nixpkgs"
      }
    }
  },
  "root": "root",
  "version": 7
}
