{
  "nodes": {
    "nixpkgs": {
      "locked": {
        "lastModified": 1783571997,
        "narHash": "sha256-AGf3vMAFpN/i98l6LNqX5d5RQsg+DKiclXn93iviNrQ=",
        "rev": "80bd90efcad203e11e2c13e968c82a0ce2db3a2e",
        "type": "tarball",
        "url": "https://releases.nixos.org/nixpkgs/nixpkgs-26.11pre1031567.80bd90efcad2/nixexprs.tar.xz"
      },
      "original": {
        "id": "nixpkgs",
        "type": "indirect"
      }
    },
    "root": {
      "inputs": {
        "nixpkgs": "nixpkgs"
      }
    }
  },
  "root": "root",
  "version": 7
}
