{
  "nodes": {
    "nixpkgs": {
      "locked": {
        "lastModified": 1782666739,
        "narHash": "sha256-FyWKrhnTe6Ytw/zzYTB52Wboe5a7UqikUG+lV5puCMY=",
        "rev": "534ee3d8beb1737b5342995f8837e2b2705ce0d8",
        "type": "tarball",
        "url": "https://releases.nixos.org/nixpkgs/nixpkgs-26.11pre1023977.534ee3d8beb1/nixexprs.tar.xz"
      },
      "original": {
        "id": "nixpkgs",
        "type": "indirect"
      }
    },
    "root": {
      "inputs": {
        "nixpkgs": "nixpkgs"
      }
    }
  },
  "root": "root",
  "version": 7
}
